{
  "name": "beardedviking-vscode-theme",
  "version": "0.0.1",
  "lockfileVersion": 2,
  "requires": true,
  "packages": {
    "": {
      "name": "beardedviking-vscode-theme",
      "version": "0.0.1",
      "devDependencies": {
        "changelog-machine": "^1.0.2"
      },
      "engines": {
        "vscode": "^1.70.0"
      }
    },
    "node_modules/changelog-machine": {
      "version": "1.0.2",
      "resolved": "https://registry.npmjs.org/changelog-machine/-/changelog-machine-1.0.2.tgz",
      "integrity": "sha512-K0STPa8ZHuRKt27lseCGIf3BBAIPV6nSjOuJ31+xttFQx2iE4dGd1lbc2IBbTLRe0KJeitZEbBI75EUjHn/X/Q==",
      "dev": true,
      "dependencies": {
        "minimist": "^1.2.5"
      },
      "bin": {
        "changelog-machine": "bin/cli.js"
      },
      "engines": {
        "node": ">=4.2.0"
      }
    },
    "node_modules/minimist": {
      "version": "1.2.6",
      "resolved": "https://registry.npmjs.org/minimist/-/minimist-1.2.6.tgz",
      "integrity": "sha512-Jsjnk4bw3YJqYzbdyBiNsPWHPfO++UGG749Cxs6peCu5Xg4nrena6OVxOYxrQTqww0Jmwt+Ref8rggumkTLz9Q==",
      "dev": true
    }
  },
  "dependencies": {
    "changelog-machine": {
      "version": "1.0.2",
      "resolved": "https://registry.npmjs.org/changelog-machine/-/changelog-machine-1.0.2.tgz",
      "integrity": "sha512-K0STPa8ZHuRKt27lseCGIf3BBAIPV6nSjOuJ31+xttFQx2iE4dGd1lbc2IBbTLRe0KJeitZEbBI75EUjHn/X/Q==",
      "dev": true,
      "requires": {
        "minimist": "^1.2.5"
      }
    },
    "minimist": {
      "version": "1.2.6",
      "resolved": "https://registry.npmjs.org/minimist/-/minimist-1.2.6.tgz",
      "integrity": "sha512-Jsjnk4bw3YJqYzbdyBiNsPWHPfO++UGG749Cxs6peCu5Xg4nrena6OVxOYxrQTqww0Jmwt+Ref8rggumkTLz9Q==",
      "dev": true
    }
  }
}
